
Microsoft Visual Studio Solution File, Format Version 12.00
# Visual Studio Version 16
VisualStudioVersion = 16.0.29519.181
MinimumVisualStudioVersion = 10.0.40219.1
Project("{9A19103F-16F7-4668-BE54-9A1E7A4F7556}") = "Producer", "Producer\Producer.csproj", "{82EC5AD1-7015-4179-9943-DF8036B76AA7}"
EndProject
Project("{9A19103F-16F7-4668-BE54-9A1E7A4F7556}") = "Consumer", "Consumer\Consumer.csproj", "{7E9D6A4D-EA0C-4F66-B091-7ED6E4C5C8C3}"
EndProject
Global
	GlobalSection(SolutionConfigurationPlatforms) = preSolution
		Debug|Any CPU = Debug|Any CPU
		Release|Any CPU = Release|Any CPU
	EndGlobalSection
	GlobalSection(ProjectConfigurationPlatforms) = postSolution
		{82EC5AD1-7015-4179-9943-DF8036B76AA7}.Debug|Any CPU.ActiveCfg = Debug|Any CPU
		{82EC5AD1-7015-4179-9943-DF8036B76AA7}.Debug|Any CPU.Build.0 = Debug|Any CPU
		{82EC5AD1-7015-4179-9943-DF8036B76AA7}.Release|Any CPU.ActiveCfg = Release|Any CPU
		{82EC5AD1-7015-4179-9943-DF8036B76AA7}.Release|Any CPU.Build.0 = Release|Any CPU
		{7E9D6A4D-EA0C-4F66-B091-7ED6E4C5C8C3}.Debug|Any CPU.ActiveCfg = Debug|Any CPU
		{7E9D6A4D-EA0C-4F66-B091-7ED6E4C5C8C3}.Debug|Any CPU.Build.0 = Debug|Any CPU
		{7E9D6A4D-EA0C-4F66-B091-7ED6E4C5C8C3}.Release|Any CPU.ActiveCfg = Release|Any CPU
		{7E9D6A4D-EA0C-4F66-B091-7ED6E4C5C8C3}.Release|Any CPU.Build.0 = Release|Any CPU
	EndGlobalSection
	GlobalSection(SolutionProperties) = preSolution
		HideSolutionNode = FALSE
	EndGlobalSection
	GlobalSection(ExtensibilityGlobals) = postSolution
		SolutionGuid = {25C872E4-09D0-4A6B-B1DE-C3A4E278E9EF}
	EndGlobalSection
EndGlobal
